// !$*UTF8*$!
{
	archiveVersion = 1;
	classes = {
	};
	objectVersion = 56;
	objects = {

/* Begin PBXBuildFile section */
		0461219D2B081D0F00ECCF64 /* SwipeViewController.swift in Sources */ = {isa = PBXBuildFile; fileRef = 0461219C2B081D0F00ECCF64 /* SwipeViewController.swift */; };
		0461219F2B081D7D00ECCF64 /* FinalFilmViewController.swift in Sources */ = {isa = PBXBuildFile; fileRef = 0461219E2B081D7D00ECCF64 /* FinalFilmViewController.swift */; };
		1AF657A72B061CD100B33019 /* TabBarController.swift in Sources */ = {isa = PBXBuildFile; fileRef = 1AF657A62B061CD100B33019 /* TabBarController.swift */; };
		1AF657A92B061D1600B33019 /* FilmListViewController.swift in Sources */ = {isa = PBXBuildFile; fileRef = 1AF657A82B061D1600B33019 /* FilmListViewController.swift */; };
		1AF657AB2B061D4100B33019 /* HistoryViewController.swift in Sources */ = {isa = PBXBuildFile; fileRef = 1AF657AA2B061D4100B33019 /* HistoryViewController.swift */; };
		6610923B2B1C987B008B51E5 /* MovieTableViewCell.swift in Sources */ = {isa = PBXBuildFile; fileRef = 6610923A2B1C987B008B51E5 /* MovieTableViewCell.swift */; };
		6610923D2B1C99FD008B51E5 /* HistoryMovieTableViewCell.swift in Sources */ = {isa = PBXBuildFile; fileRef = 6610923C2B1C99FD008B51E5 /* HistoryMovieTableViewCell.swift */; };
		6610923F2B1C9CD8008B51E5 /* ListMovieTableViewCell.swift in Sources */ = {isa = PBXBuildFile; fileRef = 6610923E2B1C9CD8008B51E5 /* ListMovieTableViewCell.swift */; };
		665DD9152B0BC476000C0E55 /* HistoryCellModel.swift in Sources */ = {isa = PBXBuildFile; fileRef = 665DD9142B0BC476000C0E55 /* HistoryCellModel.swift */; };
		66857BAC2AEA98E000468958 /* AppDelegate.swift in Sources */ = {isa = PBXBuildFile; fileRef = 66857BAB2AEA98E000468958 /* AppDelegate.swift */; };
		66857BAE2AEA98E000468958 /* SceneDelegate.swift in Sources */ = {isa = PBXBuildFile; fileRef = 66857BAD2AEA98E000468958 /* SceneDelegate.swift */; };
		66857BB02AEA98E000468958 /* MainMenuController.swift in Sources */ = {isa = PBXBuildFile; fileRef = 66857BAF2AEA98E000468958 /* MainMenuController.swift */; };
		66857BB62AEA98E000468958 /* SwipeMovie.xcdatamodeld in Sources */ = {isa = PBXBuildFile; fileRef = 66857BB42AEA98E000468958 /* SwipeMovie.xcdatamodeld */; };
		66857BB82AEA98E200468958 /* Assets.xcassets in Resources */ = {isa = PBXBuildFile; fileRef = 66857BB72AEA98E200468958 /* Assets.xcassets */; };
		66857BBB2AEA98E200468958 /* LaunchScreen.storyboard in Resources */ = {isa = PBXBuildFile; fileRef = 66857BB92AEA98E200468958 /* LaunchScreen.storyboard */; };
		6694AC362B1269C800F6F3CB /* MainMenuView.swift in Sources */ = {isa = PBXBuildFile; fileRef = 6694AC352B1269C800F6F3CB /* MainMenuView.swift */; };
		66A7ED972B227A99005F8371 /* MoviePageView.swift in Sources */ = {isa = PBXBuildFile; fileRef = 66A7ED962B227A99005F8371 /* MoviePageView.swift */; };
		66A7ED992B233576005F8371 /* MoviePageViewController.swift in Sources */ = {isa = PBXBuildFile; fileRef = 66A7ED982B233576005F8371 /* MoviePageViewController.swift */; };
/* End PBXBuildFile section */

/* Begin PBXFileReference section */
		0461219C2B081D0F00ECCF64 /* SwipeViewController.swift */ = {isa = PBXFileReference; lastKnownFileType = sourcecode.swift; path = SwipeViewController.swift; sourceTree = "<group>"; };
		0461219E2B081D7D00ECCF64 /* FinalFilmViewController.swift */ = {isa = PBXFileReference; lastKnownFileType = sourcecode.swift; path = FinalFilmViewController.swift; sourceTree = "<group>"; };
		1AF657A62B061CD100B33019 /* TabBarController.swift */ = {isa = PBXFileReference; lastKnownFileType = sourcecode.swift; path = TabBarController.swift; sourceTree = "<group>"; };
		1AF657A82B061D1600B33019 /* FilmListViewController.swift */ = {isa = PBXFileReference; lastKnownFileType = sourcecode.swift; path = FilmListViewController.swift; sourceTree = "<group>"; };
		1AF657AA2B061D4100B33019 /* HistoryViewController.swift */ = {isa = PBXFileReference; lastKnownFileType = sourcecode.swift; path = HistoryViewController.swift; sourceTree = "<group>"; };
		6610923A2B1C987B008B51E5 /* MovieTableViewCell.swift */ = {isa = PBXFileReference; lastKnownFileType = sourcecode.swift; path = MovieTableViewCell.swift; sourceTree = "<group>"; };
		6610923C2B1C99FD008B51E5 /* HistoryMovieTableViewCell.swift */ = {isa = PBXFileReference; lastKnownFileType = sourcecode.swift; path = HistoryMovieTableViewCell.swift; sourceTree = "<group>"; };
		6610923E2B1C9CD8008B51E5 /* ListMovieTableViewCell.swift */ = {isa = PBXFileReference; lastKnownFileType = sourcecode.swift; path = ListMovieTableViewCell.swift; sourceTree = "<group>"; };
		665DD9142B0BC476000C0E55 /* HistoryCellModel.swift */ = {isa = PBXFileReference; lastKnownFileType = sourcecode.swift; path = HistoryCellModel.swift; sourceTree = "<group>"; };
		66857BA82AEA98E000468958 /* SwipeMovie.app */ = {isa = PBXFileReference; explicitFileType = wrapper.application; includeInIndex = 0; path = SwipeMovie.app; sourceTree = BUILT_PRODUCTS_DIR; };
		66857BAB2AEA98E000468958 /* AppDelegate.swift */ = {isa = PBXFileReference; lastKnownFileType = sourcecode.swift; path = AppDelegate.swift; sourceTree = "<group>"; };
		66857BAD2AEA98E000468958 /* SceneDelegate.swift */ = {isa = PBXFileReference; lastKnownFileType = sourcecode.swift; path = SceneDelegate.swift; sourceTree = "<group>"; };
		66857BAF2AEA98E000468958 /* MainMenuController.swift */ = {isa = PBXFileReference; lastKnownFileType = sourcecode.swift; path = MainMenuController.swift; sourceTree = "<group>"; };
		66857BB52AEA98E000468958 /* SwipeMovie.xcdatamodel */ = {isa = PBXFileReference; lastKnownFileType = wrapper.xcdatamodel; path = SwipeMovie.xcdatamodel; sourceTree = "<group>"; };
		66857BB72AEA98E200468958 /* Assets.xcassets */ = {isa = PBXFileReference; lastKnownFileType = folder.assetcatalog; path = Assets.xcassets; sourceTree = "<group>"; };
		66857BBA2AEA98E200468958 /* Base */ = {isa = PBXFileReference; lastKnownFileType = file.storyboard; name = Base; path = Base.lproj/LaunchScreen.storyboard; sourceTree = "<group>"; };
		66857BBC2AEA98E200468958 /* Info.plist */ = {isa = PBXFileReference; lastKnownFileType = text.plist.xml; path = Info.plist; sourceTree = "<group>"; };
		6694AC352B1269C800F6F3CB /* MainMenuView.swift */ = {isa = PBXFileReference; lastKnownFileType = sourcecode.swift; path = MainMenuView.swift; sourceTree = "<group>"; };
		66A7ED962B227A99005F8371 /* MoviePageView.swift */ = {isa = PBXFileReference; lastKnownFileType = sourcecode.swift; path = MoviePageView.swift; sourceTree = "<group>"; };
		66A7ED982B233576005F8371 /* MoviePageViewController.swift */ = {isa = PBXFileReference; lastKnownFileType = sourcecode.swift; path = MoviePageViewController.swift; sourceTree = "<group>"; };
/* End PBXFileReference section */

/* Begin PBXFrameworksBuildPhase section */
		66857BA52AEA98E000468958 /* Frameworks */ = {
			isa = PBXFrameworksBuildPhase;
			buildActionMask = 2147483647;
			files = (
			);
			runOnlyForDeploymentPostprocessing = 0;
		};
/* End PBXFrameworksBuildPhase section */

/* Begin PBXGroup section */
		0461219B2B081CEE00ECCF64 /* Swipe */ = {
			isa = PBXGroup;
			children = (
				0461219C2B081D0F00ECCF64 /* SwipeViewController.swift */,
				0461219E2B081D7D00ECCF64 /* FinalFilmViewController.swift */,
			);
			path = Swipe;
			sourceTree = "<group>";
		};
		1AF6579F2B061BF500B33019 /* Modules */ = {
			isa = PBXGroup;
			children = (
				66A7ED952B227A80005F8371 /* MoviePage */,
				0461219B2B081CEE00ECCF64 /* Swipe */,
				1AF657A32B061C2300B33019 /* FilmList */,
				1AF657A22B061C1D00B33019 /* MainMenu */,
				1AF657A12B061C1100B33019 /* History */,
				1AF657A02B061C0200B33019 /* TabBar */,
				6610923A2B1C987B008B51E5 /* MovieTableViewCell.swift */,
				6610923E2B1C9CD8008B51E5 /* ListMovieTableViewCell.swift */,
			);
			path = Modules;
			sourceTree = "<group>";
		};
		1AF657A02B061C0200B33019 /* TabBar */ = {
			isa = PBXGroup;
			children = (
				1AF657A62B061CD100B33019 /* TabBarController.swift */,
			);
			path = TabBar;
			sourceTree = "<group>";
		};
		1AF657A12B061C1100B33019 /* History */ = {
			isa = PBXGroup;
			children = (
				1AF657AA2B061D4100B33019 /* HistoryViewController.swift */,
				6610923C2B1C99FD008B51E5 /* HistoryMovieTableViewCell.swift */,
				665DD9142B0BC476000C0E55 /* HistoryCellModel.swift */,
			);
			path = History;
			sourceTree = "<group>";
		};
		1AF657A22B061C1D00B33019 /* MainMenu */ = {
			isa = PBXGroup;
			children = (
				66857BAF2AEA98E000468958 /* MainMenuController.swift */,
				6694AC352B1269C800F6F3CB /* MainMenuView.swift */,
			);
			path = MainMenu;
			sourceTree = "<group>";
		};
		1AF657A32B061C2300B33019 /* FilmList */ = {
			isa = PBXGroup;
			children = (
				1AF657A82B061D1600B33019 /* FilmListViewController.swift */,
			);
			path = FilmList;
			sourceTree = "<group>";
		};
		1AF657A42B061C3200B33019 /* Resourses */ = {
			isa = PBXGroup;
			children = (
				66857BB42AEA98E000468958 /* SwipeMovie.xcdatamodeld */,
				66857BBC2AEA98E200468958 /* Info.plist */,
				66857BB92AEA98E200468958 /* LaunchScreen.storyboard */,
				66857BB72AEA98E200468958 /* Assets.xcassets */,
			);
			path = Resourses;
			sourceTree = "<group>";
		};
		1AF657A52B061C8600B33019 /* Applications */ = {
			isa = PBXGroup;
			children = (
				66857BAD2AEA98E000468958 /* SceneDelegate.swift */,
				66857BAB2AEA98E000468958 /* AppDelegate.swift */,
			);
			path = Applications;
			sourceTree = "<group>";
		};
		66857B9F2AEA98E000468958 = {
			isa = PBXGroup;
			children = (
				66857BAA2AEA98E000468958 /* SwipeMovie */,
				66857BA92AEA98E000468958 /* Products */,
			);
			sourceTree = "<group>";
		};
		66857BA92AEA98E000468958 /* Products */ = {
			isa = PBXGroup;
			children = (
				66857BA82AEA98E000468958 /* SwipeMovie.app */,
			);
			name = Products;
			sourceTree = "<group>";
		};
		66857BAA2AEA98E000468958 /* SwipeMovie */ = {
			isa = PBXGroup;
			children = (
				1AF657A52B061C8600B33019 /* Applications */,
				1AF657A42B061C3200B33019 /* Resourses */,
				1AF6579F2B061BF500B33019 /* Modules */,
			);
			path = SwipeMovie;
			sourceTree = "<group>";
		};
		66A7ED952B227A80005F8371 /* MoviePage */ = {
			isa = PBXGroup;
			children = (
				66A7ED962B227A99005F8371 /* MoviePageView.swift */,
				66A7ED982B233576005F8371 /* MoviePageViewController.swift */,
			);
			path = MoviePage;
			sourceTree = "<group>";
		};
/* End PBXGroup section */

/* Begin PBXNativeTarget section */
		66857BA72AEA98E000468958 /* SwipeMovie */ = {
			isa = PBXNativeTarget;
			buildConfigurationList = 66857BBF2AEA98E200468958 /* Build configuration list for PBXNativeTarget "SwipeMovie" */;
			buildPhases = (
				66857BA42AEA98E000468958 /* Sources */,
				66857BA52AEA98E000468958 /* Frameworks */,
				66857BA62AEA98E000468958 /* Resources */,
				66857BC22AEA9E0100468958 /* SwiftLint */,
			);
			buildRules = (
			);
			dependencies = (
			);
			name = SwipeMovie;
			productName = SwipeMovie;
			productReference = 66857BA82AEA98E000468958 /* SwipeMovie.app */;
			productType = "com.apple.product-type.application";
		};
/* End PBXNativeTarget section */

/* Begin PBXProject section */
		66857BA02AEA98E000468958 /* Project object */ = {
			isa = PBXProject;
			attributes = {
				BuildIndependentTargetsInParallel = 1;
				LastSwiftUpdateCheck = 1430;
				LastUpgradeCheck = 1430;
				TargetAttributes = {
					66857BA72AEA98E000468958 = {
						CreatedOnToolsVersion = 14.3;
					};
				};
			};
			buildConfigurationList = 66857BA32AEA98E000468958 /* Build configuration list for PBXProject "SwipeMovie" */;
			compatibilityVersion = "Xcode 14.0";
			developmentRegion = en;
			hasScannedForEncodings = 0;
			knownRegions = (
				en,
				Base,
			);
			mainGroup = 66857B9F2AEA98E000468958;
			productRefGroup = 66857BA92AEA98E000468958 /* Products */;
			projectDirPath = "";
			projectRoot = "";
			targets = (
				66857BA72AEA98E000468958 /* SwipeMovie */,
			);
		};
/* End PBXProject section */

/* Begin PBXResourcesBuildPhase section */
		66857BA62AEA98E000468958 /* Resources */ = {
			isa = PBXResourcesBuildPhase;
			buildActionMask = 2147483647;
			files = (
				66857BBB2AEA98E200468958 /* LaunchScreen.storyboard in Resources */,
				66857BB82AEA98E200468958 /* Assets.xcassets in Resources */,
			);
			runOnlyForDeploymentPostprocessing = 0;
		};
/* End PBXResourcesBuildPhase section */

/* Begin PBXShellScriptBuildPhase section */
		66857BC22AEA9E0100468958 /* SwiftLint */ = {
			isa = PBXShellScriptBuildPhase;
			alwaysOutOfDate = 1;
			buildActionMask = 2147483647;
			files = (
			);
			inputFileListPaths = (
			);
			inputPaths = (
			);
			name = SwiftLint;
			outputFileListPaths = (
			);
			outputPaths = (
			);
			runOnlyForDeploymentPostprocessing = 0;
			shellPath = /bin/sh;
			shellScript = "if [[ \"$(uname -m)\" == arm64 ]]; then\n    export PATH=\"/opt/homebrew/bin:$PATH\"\nfi\n\nif which swiftlint > /dev/null; then\n  swiftlint\nelse\n  echo \"warning: SwiftLint not installed, download from https://github.com/realm/SwiftLint\"\n  exit 1\nfi\n";
		};
/* End PBXShellScriptBuildPhase section */

/* Begin PBXSourcesBuildPhase section */
		66857BA42AEA98E000468958 /* Sources */ = {
			isa = PBXSourcesBuildPhase;
			buildActionMask = 2147483647;
			files = (

				66A7ED992B233576005F8371 /* MoviePageViewController.swift in Sources */,

				6610923F2B1C9CD8008B51E5 /* ListMovieTableViewCell.swift in Sources */,
				6610923B2B1C987B008B51E5 /* MovieTableViewCell.swift in Sources */,

				66857BB02AEA98E000468958 /* MainMenuController.swift in Sources */,
        
				66857BAC2AEA98E000468958 /* AppDelegate.swift in Sources */,
				6694AC362B1269C800F6F3CB /* MainMenuView.swift in Sources */,
				0461219F2B081D7D00ECCF64 /* FinalFilmViewController.swift in Sources */,
				1AF657A92B061D1600B33019 /* FilmListViewController.swift in Sources */,
				0461219D2B081D0F00ECCF64 /* SwipeViewController.swift in Sources */,
				66857BAE2AEA98E000468958 /* SceneDelegate.swift in Sources */,
				66A7ED972B227A99005F8371 /* MoviePageView.swift in Sources */,
				1AF657A72B061CD100B33019 /* TabBarController.swift in Sources */,
				1AF657AB2B061D4100B33019 /* HistoryViewController.swift in Sources */,
				665DD9152B0BC476000C0E55 /* HistoryCellModel.swift in Sources */,
				66857BB62AEA98E000468958 /* SwipeMovie.xcdatamodeld in Sources */,
				6610923D2B1C99FD008B51E5 /* HistoryMovieTableViewCell.swift in Sources */,
			);
			runOnlyForDeploymentPostprocessing = 0;
		};
/* End PBXSourcesBuildPhase section */

/* Begin PBXVariantGroup section */
		66857BB92AEA98E200468958 /* LaunchScreen.storyboard */ = {
			isa = PBXVariantGroup;
			children = (
				66857BBA2AEA98E200468958 /* Base */,
			);
			name = LaunchScreen.storyboard;
			sourceTree = "<group>";
		};
/* End PBXVariantGroup section */

/* Begin XCBuildConfiguration section */
		66857BBD2AEA98E200468958 /* Debug */ = {
			isa = XCBuildConfiguration;
			buildSettings = {
				ALWAYS_SEARCH_USER_PATHS = NO;
				CLANG_ANALYZER_NONNULL = YES;
				CLANG_ANALYZER_NUMBER_OBJECT_CONVERSION = YES_AGGRESSIVE;
				CLANG_CXX_LANGUAGE_STANDARD = "gnu++20";
				CLANG_ENABLE_MODULES = YES;
				CLANG_ENABLE_OBJC_ARC = YES;
				CLANG_ENABLE_OBJC_WEAK = YES;
				CLANG_WARN_BLOCK_CAPTURE_AUTORELEASING = YES;
				CLANG_WARN_BOOL_CONVERSION = YES;
				CLANG_WARN_COMMA = YES;
				CLANG_WARN_CONSTANT_CONVERSION = YES;
				CLANG_WARN_DEPRECATED_OBJC_IMPLEMENTATIONS = YES;
				CLANG_WARN_DIRECT_OBJC_ISA_USAGE = YES_ERROR;
				CLANG_WARN_DOCUMENTATION_COMMENTS = YES;
				CLANG_WARN_EMPTY_BODY = YES;
				CLANG_WARN_ENUM_CONVERSION = YES;
				CLANG_WARN_INFINITE_RECURSION = YES;
				CLANG_WARN_INT_CONVERSION = YES;
				CLANG_WARN_NON_LITERAL_NULL_CONVERSION = YES;
				CLANG_WARN_OBJC_IMPLICIT_RETAIN_SELF = YES;
				CLANG_WARN_OBJC_LITERAL_CONVERSION = YES;
				CLANG_WARN_OBJC_ROOT_CLASS = YES_ERROR;
				CLANG_WARN_QUOTED_INCLUDE_IN_FRAMEWORK_HEADER = YES;
				CLANG_WARN_RANGE_LOOP_ANALYSIS = YES;
				CLANG_WARN_STRICT_PROTOTYPES = YES;
				CLANG_WARN_SUSPICIOUS_MOVE = YES;
				CLANG_WARN_UNGUARDED_AVAILABILITY = YES_AGGRESSIVE;
				CLANG_WARN_UNREACHABLE_CODE = YES;
				CLANG_WARN__DUPLICATE_METHOD_MATCH = YES;
				COPY_PHASE_STRIP = NO;
				DEBUG_INFORMATION_FORMAT = dwarf;
				ENABLE_STRICT_OBJC_MSGSEND = YES;
				ENABLE_TESTABILITY = YES;
				GCC_C_LANGUAGE_STANDARD = gnu11;
				GCC_DYNAMIC_NO_PIC = NO;
				GCC_NO_COMMON_BLOCKS = YES;
				GCC_OPTIMIZATION_LEVEL = 0;
				GCC_PREPROCESSOR_DEFINITIONS = (
					"DEBUG=1",
					"$(inherited)",
				);
				GCC_WARN_64_TO_32_BIT_CONVERSION = YES;
				GCC_WARN_ABOUT_RETURN_TYPE = YES_ERROR;
				GCC_WARN_UNDECLARED_SELECTOR = YES;
				GCC_WARN_UNINITIALIZED_AUTOS = YES_AGGRESSIVE;
				GCC_WARN_UNUSED_FUNCTION = YES;
				GCC_WARN_UNUSED_VARIABLE = YES;
				IPHONEOS_DEPLOYMENT_TARGET = 16.4;
				MTL_ENABLE_DEBUG_INFO = INCLUDE_SOURCE;
				MTL_FAST_MATH = YES;
				ONLY_ACTIVE_ARCH = YES;
				SDKROOT = iphoneos;
				SWIFT_ACTIVE_COMPILATION_CONDITIONS = DEBUG;
				SWIFT_OPTIMIZATION_LEVEL = "-Onone";
			};
			name = Debug;
		};
		66857BBE2AEA98E200468958 /* Release */ = {
			isa = XCBuildConfiguration;
			buildSettings = {
				ALWAYS_SEARCH_USER_PATHS = NO;
				CLANG_ANALYZER_NONNULL = YES;
				CLANG_ANALYZER_NUMBER_OBJECT_CONVERSION = YES_AGGRESSIVE;
				CLANG_CXX_LANGUAGE_STANDARD = "gnu++20";
				CLANG_ENABLE_MODULES = YES;
				CLANG_ENABLE_OBJC_ARC = YES;
				CLANG_ENABLE_OBJC_WEAK = YES;
				CLANG_WARN_BLOCK_CAPTURE_AUTORELEASING = YES;
				CLANG_WARN_BOOL_CONVERSION = YES;
				CLANG_WARN_COMMA = YES;
				CLANG_WARN_CONSTANT_CONVERSION = YES;
				CLANG_WARN_DEPRECATED_OBJC_IMPLEMENTATIONS = YES;
				CLANG_WARN_DIRECT_OBJC_ISA_USAGE = YES_ERROR;
				CLANG_WARN_DOCUMENTATION_COMMENTS = YES;
				CLANG_WARN_EMPTY_BODY = YES;
				CLANG_WARN_ENUM_CONVERSION = YES;
				CLANG_WARN_INFINITE_RECURSION = YES;
				CLANG_WARN_INT_CONVERSION = YES;
				CLANG_WARN_NON_LITERAL_NULL_CONVERSION = YES;
				CLANG_WARN_OBJC_IMPLICIT_RETAIN_SELF = YES;
				CLANG_WARN_OBJC_LITERAL_CONVERSION = YES;
				CLANG_WARN_OBJC_ROOT_CLASS = YES_ERROR;
				CLANG_WARN_QUOTED_INCLUDE_IN_FRAMEWORK_HEADER = YES;
				CLANG_WARN_RANGE_LOOP_ANALYSIS = YES;
				CLANG_WARN_STRICT_PROTOTYPES = YES;
				CLANG_WARN_SUSPICIOUS_MOVE = YES;
				CLANG_WARN_UNGUARDED_AVAILABILITY = YES_AGGRESSIVE;
				CLANG_WARN_UNREACHABLE_CODE = YES;
				CLANG_WARN__DUPLICATE_METHOD_MATCH = YES;
				COPY_PHASE_STRIP = NO;
				DEBUG_INFORMATION_FORMAT = "dwarf-with-dsym";
				ENABLE_NS_ASSERTIONS = NO;
				ENABLE_STRICT_OBJC_MSGSEND = YES;
				GCC_C_LANGUAGE_STANDARD = gnu11;
				GCC_NO_COMMON_BLOCKS = YES;
				GCC_WARN_64_TO_32_BIT_CONVERSION = YES;
				GCC_WARN_ABOUT_RETURN_TYPE = YES_ERROR;
				GCC_WARN_UNDECLARED_SELECTOR = YES;
				GCC_WARN_UNINITIALIZED_AUTOS = YES_AGGRESSIVE;
				GCC_WARN_UNUSED_FUNCTION = YES;
				GCC_WARN_UNUSED_VARIABLE = YES;
				IPHONEOS_DEPLOYMENT_TARGET = 16.4;
				MTL_ENABLE_DEBUG_INFO = NO;
				MTL_FAST_MATH = YES;
				SDKROOT = iphoneos;
				SWIFT_COMPILATION_MODE = wholemodule;
				SWIFT_OPTIMIZATION_LEVEL = "-O";
				VALIDATE_PRODUCT = YES;
			};
			name = Release;
		};
		66857BC02AEA98E200468958 /* Debug */ = {
			isa = XCBuildConfiguration;
			buildSettings = {
				ASSETCATALOG_COMPILER_APPICON_NAME = AppIcon;
				ASSETCATALOG_COMPILER_GLOBAL_ACCENT_COLOR_NAME = AccentColor;
				CODE_SIGN_STYLE = Manual;
				CURRENT_PROJECT_VERSION = 1;
				DEVELOPMENT_TEAM = "";
				GENERATE_INFOPLIST_FILE = YES;
				INFOPLIST_FILE = SwipeMovie/Resourses/Info.plist;
				INFOPLIST_KEY_UIApplicationSupportsIndirectInputEvents = YES;
				INFOPLIST_KEY_UILaunchStoryboardName = LaunchScreen;
				INFOPLIST_KEY_UISupportedInterfaceOrientations_iPad = "UIInterfaceOrientationPortrait UIInterfaceOrientationPortraitUpsideDown UIInterfaceOrientationLandscapeLeft UIInterfaceOrientationLandscapeRight";
				INFOPLIST_KEY_UISupportedInterfaceOrientations_iPhone = "UIInterfaceOrientationPortrait UIInterfaceOrientationLandscapeLeft UIInterfaceOrientationLandscapeRight";
				LD_RUNPATH_SEARCH_PATHS = (
					"$(inherited)",
					"@executable_path/Frameworks",
				);
				MARKETING_VERSION = 1.0;
				PRODUCT_BUNDLE_IDENTIFIER = "iOS-vk-education.SwipeMovie";
				PRODUCT_NAME = "$(TARGET_NAME)";
				PROVISIONING_PROFILE_SPECIFIER = "";
				SWIFT_EMIT_LOC_STRINGS = YES;
				SWIFT_VERSION = 5.0;
				TARGETED_DEVICE_FAMILY = "1,2";
			};
			name = Debug;
		};
		66857BC12AEA98E200468958 /* Release */ = {
			isa = XCBuildConfiguration;
			buildSettings = {
				ASSETCATALOG_COMPILER_APPICON_NAME = AppIcon;
				ASSETCATALOG_COMPILER_GLOBAL_ACCENT_COLOR_NAME = AccentColor;
				CODE_SIGN_STYLE = Manual;
				CURRENT_PROJECT_VERSION = 1;
				DEVELOPMENT_TEAM = "";
				GENERATE_INFOPLIST_FILE = YES;
				INFOPLIST_FILE = SwipeMovie/Resourses/Info.plist;
				INFOPLIST_KEY_UIApplicationSupportsIndirectInputEvents = YES;
				INFOPLIST_KEY_UILaunchStoryboardName = LaunchScreen;
				INFOPLIST_KEY_UISupportedInterfaceOrientations_iPad = "UIInterfaceOrientationPortrait UIInterfaceOrientationPortraitUpsideDown UIInterfaceOrientationLandscapeLeft UIInterfaceOrientationLandscapeRight";
				INFOPLIST_KEY_UISupportedInterfaceOrientations_iPhone = "UIInterfaceOrientationPortrait UIInterfaceOrientationLandscapeLeft UIInterfaceOrientationLandscapeRight";
				LD_RUNPATH_SEARCH_PATHS = (
					"$(inherited)",
					"@executable_path/Frameworks",
				);
				MARKETING_VERSION = 1.0;
				PRODUCT_BUNDLE_IDENTIFIER = "iOS-vk-education.SwipeMovie";
				PRODUCT_NAME = "$(TARGET_NAME)";
				PROVISIONING_PROFILE_SPECIFIER = "";
				SWIFT_EMIT_LOC_STRINGS = YES;
				SWIFT_VERSION = 5.0;
				TARGETED_DEVICE_FAMILY = "1,2";
			};
			name = Release;
		};
/* End XCBuildConfiguration section */

/* Begin XCConfigurationList section */
		66857BA32AEA98E000468958 /* Build configuration list for PBXProject "SwipeMovie" */ = {
			isa = XCConfigurationList;
			buildConfigurations = (
				66857BBD2AEA98E200468958 /* Debug */,
				66857BBE2AEA98E200468958 /* Release */,
			);
			defaultConfigurationIsVisible = 0;
			defaultConfigurationName = Release;
		};
		66857BBF2AEA98E200468958 /* Build configuration list for PBXNativeTarget "SwipeMovie" */ = {
			isa = XCConfigurationList;
			buildConfigurations = (
				66857BC02AEA98E200468958 /* Debug */,
				66857BC12AEA98E200468958 /* Release */,
			);
			defaultConfigurationIsVisible = 0;
			defaultConfigurationName = Release;
		};
/* End XCConfigurationList section */

/* Begin XCVersionGroup section */
		66857BB42AEA98E000468958 /* SwipeMovie.xcdatamodeld */ = {
			isa = XCVersionGroup;
			children = (
				66857BB52AEA98E000468958 /* SwipeMovie.xcdatamodel */,
			);
			currentVersion = 66857BB52AEA98E000468958 /* SwipeMovie.xcdatamodel */;
			path = SwipeMovie.xcdatamodeld;
			sourceTree = "<group>";
			versionGroupType = wrapper.xcdatamodel;
		};
/* End XCVersionGroup section */
	};
	rootObject = 66857BA02AEA98E000468958 /* Project object */;
}
